
Microsoft Visual Studio Solution File, Format Version 12.00
# Visual Studio Version 17
VisualStudioVersion = 17.7.34221.43
MinimumVisualStudioVersion = 10.0.40219.1
Project("{9A19103F-16F7-4668-BE54-9A1E7A4F7556}") = "Aplicacion 3, ingresar al sistema", "Aplicacion 3, ingresar al sistema\Aplicacion 3, ingresar al sistema.csproj", "{F3B1B7CB-5069-4A25-AD4C-62B5848A91C1}"
EndProject
Project("{54435603-DBB4-11D2-8724-00A0C9A8B90C}") = "SetupFormularios", "SetupFormularios\SetupFormularios.vdproj", "{D6FAB0CE-91BC-45C2-B445-A2D116079D4E}"
EndProject
Project("{2150E333-8FDC-42A3-9474-1A3956D46DE8}") = "Instalador", "Instalador", "{DE865D74-A434-412F-8A19-46E64E3D52C4}"
	ProjectSection(SolutionItems) = preProject
		SetupFormularios\Release\setup.exe = SetupFormularios\Release\setup.exe
		SetupFormularios\Release\SetupFormularios.msi = SetupFormularios\Release\SetupFormularios.msi
	EndProjectSection
EndProject
Global
	GlobalSection(SolutionConfigurationPlatforms) = preSolution
		Debug|Any CPU = Debug|Any CPU
		Release|Any CPU = Release|Any CPU
	EndGlobalSection
	GlobalSection(ProjectConfigurationPlatforms) = postSolution
		{F3B1B7CB-5069-4A25-AD4C-62B5848A91C1}.Debug|Any CPU.ActiveCfg = Debug|Any CPU
		{F3B1B7CB-5069-4A25-AD4C-62B5848A91C1}.Debug|Any CPU.Build.0 = Debug|Any CPU
		{F3B1B7CB-5069-4A25-AD4C-62B5848A91C1}.Release|Any CPU.ActiveCfg = Release|Any CPU
		{F3B1B7CB-5069-4A25-AD4C-62B5848A91C1}.Release|Any CPU.Build.0 = Release|Any CPU
		{D6FAB0CE-91BC-45C2-B445-A2D116079D4E}.Debug|Any CPU.ActiveCfg = Debug
		{D6FAB0CE-91BC-45C2-B445-A2D116079D4E}.Release|Any CPU.ActiveCfg = Release
	EndGlobalSection
	GlobalSection(SolutionProperties) = preSolution
		HideSolutionNode = FALSE
	EndGlobalSection
	GlobalSection(ExtensibilityGlobals) = postSolution
		SolutionGuid = {3F1F6BCE-4804-485A-A2EB-0022BB306A40}
	EndGlobalSection
EndGlobal
