
Microsoft Visual Studio Solution File, Format Version 12.00
# Visual Studio Version 17
VisualStudioVersion = 17.7.34221.43
MinimumVisualStudioVersion = 10.0.40219.1
Project("{9A19103F-16F7-4668-BE54-9A1E7A4F7556}") = "Aplicacion 3, ingresar al sistema", "Aplicacion 3, ingresar al sistema.csproj", "{737C1B51-92A5-499B-94FE-262E8C420F03}"
EndProject
Project("{54435603-DBB4-11D2-8724-00A0C9A8B90C}") = "Setup Vinateria", "..\Setup Vinateria\Setup Vinateria.vdproj", "{8407CCC9-2837-443E-9C21-8EE5EF76F1EF}"
EndProject
Global
	GlobalSection(SolutionConfigurationPlatforms) = preSolution
		Debug|Any CPU = Debug|Any CPU
		Release|Any CPU = Release|Any CPU
	EndGlobalSection
	GlobalSection(ProjectConfigurationPlatforms) = postSolution
		{737C1B51-92A5-499B-94FE-262E8C420F03}.Debug|Any CPU.ActiveCfg = Debug|Any CPU
		{737C1B51-92A5-499B-94FE-262E8C420F03}.Debug|Any CPU.Build.0 = Debug|Any CPU
		{737C1B51-92A5-499B-94FE-262E8C420F03}.Release|Any CPU.ActiveCfg = Release|Any CPU
		{737C1B51-92A5-499B-94FE-262E8C420F03}.Release|Any CPU.Build.0 = Release|Any CPU
		{8407CCC9-2837-443E-9C21-8EE5EF76F1EF}.Debug|Any CPU.ActiveCfg = Debug
		{8407CCC9-2837-443E-9C21-8EE5EF76F1EF}.Release|Any CPU.ActiveCfg = Release
	EndGlobalSection
	GlobalSection(SolutionProperties) = preSolution
		HideSolutionNode = FALSE
	EndGlobalSection
	GlobalSection(ExtensibilityGlobals) = postSolution
		SolutionGuid = {052A9DFD-D1AE-4B2E-A6FD-E22F4BDC8258}
	EndGlobalSection
EndGlobal
